Microsoft Visual Studio Solution File, Format Version 12.00
# Visual Studio Version 18
VisualStudioVersion = 18.3.11505.172 d18.3
MinimumVisualStudioVersion = 10.0.40219.1
Project("{FAE04EC0-301F-11D3-BF4B-00C04F79EFBC}") = "StatusOrder.Api", "src\StatusOrder.Api\StatusOrder.Api.csproj", "{B1E2E7E4-8C9F-4D3E-9C91-7F3D4A9C8E01}"
EndProject
Global
	GlobalSection(SolutionConfigurationPlatforms) = preSolution
		Debug|Any CPU = Debug|Any CPU
		Release|Any CPU = Release|Any CPU
	EndGlobalSection
	GlobalSection(ProjectConfigurationPlatforms) = postSolution
		{B1E2E7E4-8C9F-4D3E-9C91-7F3D4A9C8E01}.Debug|Any CPU.ActiveCfg = Debug|Any CPU
		{B1E2E7E4-8C9F-4D3E-9C91-7F3D4A9C8E01}.Debug|Any CPU.Build.0 = Debug|Any CPU
		{B1E2E7E4-8C9F-4D3E-9C91-7F3D4A9C8E01}.Release|Any CPU.ActiveCfg = Release|Any CPU
		{B1E2E7E4-8C9F-4D3E-9C91-7F3D4A9C8E01}.Release|Any CPU.Build.0 = Release|Any CPU
	EndGlobalSection
	GlobalSection(SolutionProperties) = preSolution
		HideSolutionNode = FALSE
	EndGlobalSection
	GlobalSection(ExtensibilityGlobals) = postSolution
		SolutionGuid = {0D9C6004-1ECB-4556-9CFE-0E416FAFCD16}
	EndGlobalSection
EndGlobal
